%{"ex_doc": {:git, "git://github.com/elixir-lang/ex_doc.git", "ca71b84b9c3c7e23b4b661e485a909aee3fdbc3b", []},
  "exmerl": {:package, "0.1.1"},
  "httpotion": {:git, "git://github.com/myfreeweb/httpotion.git", "a6bcbbac7b6f15ee93c5c941de36d59ef8c85743", []},
  "ibrowse": {:git, "git://github.com/cmullaparthi/ibrowse.git", "7871e2ebe8811efb64e1917e2de455fa87e8dfe3", [tag: "v4.1.0"]}}
