%{"ex_doc": {:git, "git://github.com/elixir-lang/ex_doc.git", "cf2ef19aad7846abf7ef8f3ad228a0d2d66d2c50", []},
  "exmerl": {:package, "0.1.1"},
  "httpotion": {:git, "git://github.com/myfreeweb/httpotion.git", "a6bcbbac7b6f15ee93c5c941de36d59ef8c85743", []},
  "ibrowse": {:git, "git://github.com/cmullaparthi/ibrowse.git", "7871e2ebe8811efb64e1917e2de455fa87e8dfe3", [tag: "v4.1.0"]},
  "timex": {:package, "0.9.0"}}
